
Microsoft Visual Studio Solution File, Format Version 12.00
# Visual Studio Version 17
VisualStudioVersion = 17.0.31919.166
MinimumVisualStudioVersion = 10.0.40219.1
Project("{FAE04EC0-301F-11D3-BF4B-00C04F79EFBC}") = "YemekTBackend", "YemekTBackend.csproj", "{29339969-711D-41E7-BDA1-CF91AC78FC4D}"
EndProject
Global
	GlobalSection(SolutionConfigurationPlatforms) = preSolution
		Debug|Any CPU = Debug|Any CPU
		Release|Any CPU = Release|Any CPU
	EndGlobalSection
	GlobalSection(ProjectConfigurationPlatforms) = postSolution
		{29339969-711D-41E7-BDA1-CF91AC78FC4D}.Debug|Any CPU.ActiveCfg = Debug|Any CPU
		{29339969-711D-41E7-BDA1-CF91AC78FC4D}.Debug|Any CPU.Build.0 = Debug|Any CPU
		{29339969-711D-41E7-BDA1-CF91AC78FC4D}.Release|Any CPU.ActiveCfg = Release|Any CPU
		{29339969-711D-41E7-BDA1-CF91AC78FC4D}.Release|Any CPU.Build.0 = Release|Any CPU
	EndGlobalSection
	GlobalSection(SolutionProperties) = preSolution
		HideSolutionNode = FALSE
	EndGlobalSection
	GlobalSection(ExtensibilityGlobals) = postSolution
		SolutionGuid = {9A171C8D-379B-438E-B099-BB4C4E3BDD3B}
	EndGlobalSection
EndGlobal
